// !$*UTF8*$!
{
	archiveVersion = 1;
	classes = {
	};
	objectVersion = 46;
	objects = {

/* Begin PBXBuildFile section */
		65DA64521DB9F6D100C92BB7 /* AppDelegate.swift in Sources */ = {isa = PBXBuildFile; fileRef = 65DA64511DB9F6D100C92BB7 /* AppDelegate.swift */; };
		65DA64541DB9F6D100C92BB7 /* MainViewController.swift in Sources */ = {isa = PBXBuildFile; fileRef = 65DA64531DB9F6D100C92BB7 /* MainViewController.swift */; };
		65DA64571DB9F6D100C92BB7 /* Main.storyboard in Resources */ = {isa = PBXBuildFile; fileRef = 65DA64551DB9F6D100C92BB7 /* Main.storyboard */; };
		65DA645A1DB9F6D100C92BB7 /* DreamLister.xcdatamodeld in Sources */ = {isa = PBXBuildFile; fileRef = 65DA64581DB9F6D100C92BB7 /* DreamLister.xcdatamodeld */; };
		65DA645C1DB9F6D100C92BB7 /* Assets.xcassets in Resources */ = {isa = PBXBuildFile; fileRef = 65DA645B1DB9F6D100C92BB7 /* Assets.xcassets */; };
		65DA645F1DB9F6D100C92BB7 /* LaunchScreen.storyboard in Resources */ = {isa = PBXBuildFile; fileRef = 65DA645D1DB9F6D100C92BB7 /* LaunchScreen.storyboard */; };
		65DA648E1DBA03EB00C92BB7 /* Store+CoreDataClass.swift in Sources */ = {isa = PBXBuildFile; fileRef = 65DA64861DBA03EB00C92BB7 /* Store+CoreDataClass.swift */; };
		65DA648F1DBA03EB00C92BB7 /* Store+CoreDataProperties.swift in Sources */ = {isa = PBXBuildFile; fileRef = 65DA64871DBA03EB00C92BB7 /* Store+CoreDataProperties.swift */; };
		65DA64901DBA03EB00C92BB7 /* Image+CoreDataClass.swift in Sources */ = {isa = PBXBuildFile; fileRef = 65DA64881DBA03EB00C92BB7 /* Image+CoreDataClass.swift */; };
		65DA64911DBA03EB00C92BB7 /* Image+CoreDataProperties.swift in Sources */ = {isa = PBXBuildFile; fileRef = 65DA64891DBA03EB00C92BB7 /* Image+CoreDataProperties.swift */; };
		65DA64921DBA03EB00C92BB7 /* Item+CoreDataClass.swift in Sources */ = {isa = PBXBuildFile; fileRef = 65DA648A1DBA03EB00C92BB7 /* Item+CoreDataClass.swift */; };
		65DA64931DBA03EB00C92BB7 /* Item+CoreDataProperties.swift in Sources */ = {isa = PBXBuildFile; fileRef = 65DA648B1DBA03EB00C92BB7 /* Item+CoreDataProperties.swift */; };
		65DA64941DBA03EB00C92BB7 /* ItemType+CoreDataClass.swift in Sources */ = {isa = PBXBuildFile; fileRef = 65DA648C1DBA03EB00C92BB7 /* ItemType+CoreDataClass.swift */; };
		65DA64951DBA03EB00C92BB7 /* ItemType+CoreDataProperties.swift in Sources */ = {isa = PBXBuildFile; fileRef = 65DA648D1DBA03EB00C92BB7 /* ItemType+CoreDataProperties.swift */; };
		65DA649A1DBA0C3B00C92BB7 /* MaterialView.swift in Sources */ = {isa = PBXBuildFile; fileRef = 65DA64991DBA0C3B00C92BB7 /* MaterialView.swift */; };
		65DA649C1DBA0F9100C92BB7 /* ItemTableViewCell.swift in Sources */ = {isa = PBXBuildFile; fileRef = 65DA649B1DBA0F9100C92BB7 /* ItemTableViewCell.swift */; };
		65DA649F1DBA3F6500C92BB7 /* ItemDetailViewController.swift in Sources */ = {isa = PBXBuildFile; fileRef = 65DA649E1DBA3F6500C92BB7 /* ItemDetailViewController.swift */; };
/* End PBXBuildFile section */

/* Begin PBXFileReference section */
		65DA644E1DB9F6D100C92BB7 /* DreamLister.app */ = {isa = PBXFileReference; explicitFileType = wrapper.application; includeInIndex = 0; path = DreamLister.app; sourceTree = BUILT_PRODUCTS_DIR; };
		65DA64511DB9F6D100C92BB7 /* AppDelegate.swift */ = {isa = PBXFileReference; lastKnownFileType = sourcecode.swift; path = AppDelegate.swift; sourceTree = "<group>"; };
		65DA64531DB9F6D100C92BB7 /* MainViewController.swift */ = {isa = PBXFileReference; lastKnownFileType = sourcecode.swift; path = MainViewController.swift; sourceTree = "<group>"; };
		65DA64561DB9F6D100C92BB7 /* Base */ = {isa = PBXFileReference; lastKnownFileType = file.storyboard; name = Base; path = Base.lproj/Main.storyboard; sourceTree = "<group>"; };
		65DA64591DB9F6D100C92BB7 /* DreamLister.xcdatamodel */ = {isa = PBXFileReference; lastKnownFileType = wrapper.xcdatamodel; path = DreamLister.xcdatamodel; sourceTree = "<group>"; };
		65DA645B1DB9F6D100C92BB7 /* Assets.xcassets */ = {isa = PBXFileReference; lastKnownFileType = folder.assetcatalog; path = Assets.xcassets; sourceTree = "<group>"; };
		65DA645E1DB9F6D100C92BB7 /* Base */ = {isa = PBXFileReference; lastKnownFileType = file.storyboard; name = Base; path = Base.lproj/LaunchScreen.storyboard; sourceTree = "<group>"; };
		65DA64601DB9F6D100C92BB7 /* Info.plist */ = {isa = PBXFileReference; lastKnownFileType = text.plist.xml; path = Info.plist; sourceTree = "<group>"; };
		65DA64861DBA03EB00C92BB7 /* Store+CoreDataClass.swift */ = {isa = PBXFileReference; fileEncoding = 4; lastKnownFileType = sourcecode.swift; path = "Store+CoreDataClass.swift"; sourceTree = "<group>"; };
		65DA64871DBA03EB00C92BB7 /* Store+CoreDataProperties.swift */ = {isa = PBXFileReference; fileEncoding = 4; lastKnownFileType = sourcecode.swift; path = "Store+CoreDataProperties.swift"; sourceTree = "<group>"; };
		65DA64881DBA03EB00C92BB7 /* Image+CoreDataClass.swift */ = {isa = PBXFileReference; fileEncoding = 4; lastKnownFileType = sourcecode.swift; path = "Image+CoreDataClass.swift"; sourceTree = "<group>"; };
		65DA64891DBA03EB00C92BB7 /* Image+CoreDataProperties.swift */ = {isa = PBXFileReference; fileEncoding = 4; lastKnownFileType = sourcecode.swift; path = "Image+CoreDataProperties.swift"; sourceTree = "<group>"; };
		65DA648A1DBA03EB00C92BB7 /* Item+CoreDataClass.swift */ = {isa = PBXFileReference; fileEncoding = 4; lastKnownFileType = sourcecode.swift; path = "Item+CoreDataClass.swift"; sourceTree = "<group>"; };
		65DA648B1DBA03EB00C92BB7 /* Item+CoreDataProperties.swift */ = {isa = PBXFileReference; fileEncoding = 4; lastKnownFileType = sourcecode.swift; path = "Item+CoreDataProperties.swift"; sourceTree = "<group>"; };
		65DA648C1DBA03EB00C92BB7 /* ItemType+CoreDataClass.swift */ = {isa = PBXFileReference; fileEncoding = 4; lastKnownFileType = sourcecode.swift; path = "ItemType+CoreDataClass.swift"; sourceTree = "<group>"; };
		65DA648D1DBA03EB00C92BB7 /* ItemType+CoreDataProperties.swift */ = {isa = PBXFileReference; fileEncoding = 4; lastKnownFileType = sourcecode.swift; path = "ItemType+CoreDataProperties.swift"; sourceTree = "<group>"; };
		65DA64991DBA0C3B00C92BB7 /* MaterialView.swift */ = {isa = PBXFileReference; fileEncoding = 4; lastKnownFileType = sourcecode.swift; path = MaterialView.swift; sourceTree = "<group>"; };
		65DA649B1DBA0F9100C92BB7 /* ItemTableViewCell.swift */ = {isa = PBXFileReference; fileEncoding = 4; lastKnownFileType = sourcecode.swift; path = ItemTableViewCell.swift; sourceTree = "<group>"; };
		65DA649E1DBA3F6500C92BB7 /* ItemDetailViewController.swift */ = {isa = PBXFileReference; fileEncoding = 4; lastKnownFileType = sourcecode.swift; path = ItemDetailViewController.swift; sourceTree = "<group>"; };
/* End PBXFileReference section */

/* Begin PBXFrameworksBuildPhase section */
		65DA644B1DB9F6D100C92BB7 /* Frameworks */ = {
			isa = PBXFrameworksBuildPhase;
			buildActionMask = 2147483647;
			files = (
			);
			runOnlyForDeploymentPostprocessing = 0;
		};
/* End PBXFrameworksBuildPhase section */

/* Begin PBXGroup section */
		65DA64451DB9F6D100C92BB7 = {
			isa = PBXGroup;
			children = (
				65DA64501DB9F6D100C92BB7 /* DreamLister */,
				65DA644F1DB9F6D100C92BB7 /* Products */,
			);
			sourceTree = "<group>";
		};
		65DA644F1DB9F6D100C92BB7 /* Products */ = {
			isa = PBXGroup;
			children = (
				65DA644E1DB9F6D100C92BB7 /* DreamLister.app */,
			);
			name = Products;
			sourceTree = "<group>";
		};
		65DA64501DB9F6D100C92BB7 /* DreamLister */ = {
			isa = PBXGroup;
			children = (
				65DA649D1DBA3F4800C92BB7 /* Controller */,
				65DA64981DBA0C0F00C92BB7 /* View */,
				65DA64961DBA046200C92BB7 /* Model */,
				65DA64511DB9F6D100C92BB7 /* AppDelegate.swift */,
				65DA64531DB9F6D100C92BB7 /* MainViewController.swift */,
				65DA64551DB9F6D100C92BB7 /* Main.storyboard */,
				65DA645B1DB9F6D100C92BB7 /* Assets.xcassets */,
				65DA645D1DB9F6D100C92BB7 /* LaunchScreen.storyboard */,
				65DA64601DB9F6D100C92BB7 /* Info.plist */,
				65DA64581DB9F6D100C92BB7 /* DreamLister.xcdatamodeld */,
			);
			path = DreamLister;
			sourceTree = "<group>";
		};
		65DA64961DBA046200C92BB7 /* Model */ = {
			isa = PBXGroup;
			children = (
				65DA64861DBA03EB00C92BB7 /* Store+CoreDataClass.swift */,
				65DA64881DBA03EB00C92BB7 /* Image+CoreDataClass.swift */,
				65DA648A1DBA03EB00C92BB7 /* Item+CoreDataClass.swift */,
				65DA648C1DBA03EB00C92BB7 /* ItemType+CoreDataClass.swift */,
				65DA64971DBA046B00C92BB7 /* Generated */,
			);
			name = Model;
			sourceTree = "<group>";
		};
		65DA64971DBA046B00C92BB7 /* Generated */ = {
			isa = PBXGroup;
			children = (
				65DA64871DBA03EB00C92BB7 /* Store+CoreDataProperties.swift */,
				65DA64891DBA03EB00C92BB7 /* Image+CoreDataProperties.swift */,
				65DA648B1DBA03EB00C92BB7 /* Item+CoreDataProperties.swift */,
				65DA648D1DBA03EB00C92BB7 /* ItemType+CoreDataProperties.swift */,
			);
			name = Generated;
			sourceTree = "<group>";
		};
		65DA64981DBA0C0F00C92BB7 /* View */ = {
			isa = PBXGroup;
			children = (
				65DA64991DBA0C3B00C92BB7 /* MaterialView.swift */,
				65DA649B1DBA0F9100C92BB7 /* ItemTableViewCell.swift */,
			);
			name = View;
			sourceTree = "<group>";
		};
		65DA649D1DBA3F4800C92BB7 /* Controller */ = {
			isa = PBXGroup;
			children = (
				65DA649E1DBA3F6500C92BB7 /* ItemDetailViewController.swift */,
			);
			name = Controller;
			sourceTree = "<group>";
		};
/* End PBXGroup section */

/* Begin PBXNativeTarget section */
		65DA644D1DB9F6D100C92BB7 /* DreamLister */ = {
			isa = PBXNativeTarget;
			buildConfigurationList = 65DA64631DB9F6D100C92BB7 /* Build configuration list for PBXNativeTarget "DreamLister" */;
			buildPhases = (
				65DA644A1DB9F6D100C92BB7 /* Sources */,
				65DA644B1DB9F6D100C92BB7 /* Frameworks */,
				65DA644C1DB9F6D100C92BB7 /* Resources */,
			);
			buildRules = (
			);
			dependencies = (
			);
			name = DreamLister;
			productName = DreamLister;
			productReference = 65DA644E1DB9F6D100C92BB7 /* DreamLister.app */;
			productType = "com.apple.product-type.application";
		};
/* End PBXNativeTarget section */

/* Begin PBXProject section */
		65DA64461DB9F6D100C92BB7 /* Project object */ = {
			isa = PBXProject;
			attributes = {
				LastSwiftUpdateCheck = 0800;
				LastUpgradeCheck = 0800;
				ORGANIZATIONNAME = "Sun Huanji";
				TargetAttributes = {
					65DA644D1DB9F6D100C92BB7 = {
						CreatedOnToolsVersion = 8.0;
						ProvisioningStyle = Automatic;
					};
				};
			};
			buildConfigurationList = 65DA64491DB9F6D100C92BB7 /* Build configuration list for PBXProject "DreamLister" */;
			compatibilityVersion = "Xcode 3.2";
			developmentRegion = English;
			hasScannedForEncodings = 0;
			knownRegions = (
				en,
				Base,
			);
			mainGroup = 65DA64451DB9F6D100C92BB7;
			productRefGroup = 65DA644F1DB9F6D100C92BB7 /* Products */;
			projectDirPath = "";
			projectRoot = "";
			targets = (
				65DA644D1DB9F6D100C92BB7 /* DreamLister */,
			);
		};
/* End PBXProject section */

/* Begin PBXResourcesBuildPhase section */
		65DA644C1DB9F6D100C92BB7 /* Resources */ = {
			isa = PBXResourcesBuildPhase;
			buildActionMask = 2147483647;
			files = (
				65DA645F1DB9F6D100C92BB7 /* LaunchScreen.storyboard in Resources */,
				65DA645C1DB9F6D100C92BB7 /* Assets.xcassets in Resources */,
				65DA64571DB9F6D100C92BB7 /* Main.storyboard in Resources */,
			);
			runOnlyForDeploymentPostprocessing = 0;
		};
/* End PBXResourcesBuildPhase section */

/* Begin PBXSourcesBuildPhase section */
		65DA644A1DB9F6D100C92BB7 /* Sources */ = {
			isa = PBXSourcesBuildPhase;
			buildActionMask = 2147483647;
			files = (
				65DA648F1DBA03EB00C92BB7 /* Store+CoreDataProperties.swift in Sources */,
				65DA64541DB9F6D100C92BB7 /* MainViewController.swift in Sources */,
				65DA64941DBA03EB00C92BB7 /* ItemType+CoreDataClass.swift in Sources */,
				65DA649A1DBA0C3B00C92BB7 /* MaterialView.swift in Sources */,
				65DA648E1DBA03EB00C92BB7 /* Store+CoreDataClass.swift in Sources */,
				65DA64901DBA03EB00C92BB7 /* Image+CoreDataClass.swift in Sources */,
				65DA649C1DBA0F9100C92BB7 /* ItemTableViewCell.swift in Sources */,
				65DA64521DB9F6D100C92BB7 /* AppDelegate.swift in Sources */,
				65DA649F1DBA3F6500C92BB7 /* ItemDetailViewController.swift in Sources */,
				65DA645A1DB9F6D100C92BB7 /* DreamLister.xcdatamodeld in Sources */,
				65DA64951DBA03EB00C92BB7 /* ItemType+CoreDataProperties.swift in Sources */,
				65DA64931DBA03EB00C92BB7 /* Item+CoreDataProperties.swift in Sources */,
				65DA64921DBA03EB00C92BB7 /* Item+CoreDataClass.swift in Sources */,
				65DA64911DBA03EB00C92BB7 /* Image+CoreDataProperties.swift in Sources */,
			);
			runOnlyForDeploymentPostprocessing = 0;
		};
/* End PBXSourcesBuildPhase section */

/* Begin PBXVariantGroup section */
		65DA64551DB9F6D100C92BB7 /* Main.storyboard */ = {
			isa = PBXVariantGroup;
			children = (
				65DA64561DB9F6D100C92BB7 /* Base */,
			);
			name = Main.storyboard;
			sourceTree = "<group>";
		};
		65DA645D1DB9F6D100C92BB7 /* LaunchScreen.storyboard */ = {
			isa = PBXVariantGroup;
			children = (
				65DA645E1DB9F6D100C92BB7 /* Base */,
			);
			name = LaunchScreen.storyboard;
			sourceTree = "<group>";
		};
/* End PBXVariantGroup section */

/* Begin XCBuildConfiguration section */
		65DA64611DB9F6D100C92BB7 /* Debug */ = {
			isa = XCBuildConfiguration;
			buildSettings = {
				ALWAYS_SEARCH_USER_PATHS = NO;
				CLANG_ANALYZER_NONNULL = YES;
				CLANG_CXX_LANGUAGE_STANDARD = "gnu++0x";
				CLANG_CXX_LIBRARY = "libc++";
				CLANG_ENABLE_MODULES = YES;
				CLANG_ENABLE_OBJC_ARC = YES;
				CLANG_WARN_BOOL_CONVERSION = YES;
				CLANG_WARN_CONSTANT_CONVERSION = YES;
				CLANG_WARN_DIRECT_OBJC_ISA_USAGE = YES_ERROR;
				CLANG_WARN_DOCUMENTATION_COMMENTS = YES;
				CLANG_WARN_EMPTY_BODY = YES;
				CLANG_WARN_ENUM_CONVERSION = YES;
				CLANG_WARN_INFINITE_RECURSION = YES;
				CLANG_WARN_INT_CONVERSION = YES;
				CLANG_WARN_OBJC_ROOT_CLASS = YES_ERROR;
				CLANG_WARN_SUSPICIOUS_MOVES = YES;
				CLANG_WARN_UNREACHABLE_CODE = YES;
				CLANG_WARN__DUPLICATE_METHOD_MATCH = YES;
				"CODE_SIGN_IDENTITY[sdk=iphoneos*]" = "iPhone Developer";
				COPY_PHASE_STRIP = NO;
				DEBUG_INFORMATION_FORMAT = dwarf;
				ENABLE_STRICT_OBJC_MSGSEND = YES;
				ENABLE_TESTABILITY = YES;
				GCC_C_LANGUAGE_STANDARD = gnu99;
				GCC_DYNAMIC_NO_PIC = NO;
				GCC_NO_COMMON_BLOCKS = YES;
				GCC_OPTIMIZATION_LEVEL = 0;
				GCC_PREPROCESSOR_DEFINITIONS = (
					"DEBUG=1",
					"$(inherited)",
				);
				GCC_WARN_64_TO_32_BIT_CONVERSION = YES;
				GCC_WARN_ABOUT_RETURN_TYPE = YES_ERROR;
				GCC_WARN_UNDECLARED_SELECTOR = YES;
				GCC_WARN_UNINITIALIZED_AUTOS = YES_AGGRESSIVE;
				GCC_WARN_UNUSED_FUNCTION = YES;
				GCC_WARN_UNUSED_VARIABLE = YES;
				IPHONEOS_DEPLOYMENT_TARGET = 10.0;
				MTL_ENABLE_DEBUG_INFO = YES;
				ONLY_ACTIVE_ARCH = YES;
				SDKROOT = iphoneos;
				SWIFT_ACTIVE_COMPILATION_CONDITIONS = DEBUG;
				SWIFT_OPTIMIZATION_LEVEL = "-Onone";
			};
			name = Debug;
		};
		65DA64621DB9F6D100C92BB7 /* Release */ = {
			isa = XCBuildConfiguration;
			buildSettings = {
				ALWAYS_SEARCH_USER_PATHS = NO;
				CLANG_ANALYZER_NONNULL = YES;
				CLANG_CXX_LANGUAGE_STANDARD = "gnu++0x";
				CLANG_CXX_LIBRARY = "libc++";
				CLANG_ENABLE_MODULES = YES;
				CLANG_ENABLE_OBJC_ARC = YES;
				CLANG_WARN_BOOL_CONVERSION = YES;
				CLANG_WARN_CONSTANT_CONVERSION = YES;
				CLANG_WARN_DIRECT_OBJC_ISA_USAGE = YES_ERROR;
				CLANG_WARN_DOCUMENTATION_COMMENTS = YES;
				CLANG_WARN_EMPTY_BODY = YES;
				CLANG_WARN_ENUM_CONVERSION = YES;
				CLANG_WARN_INFINITE_RECURSION = YES;
				CLANG_WARN_INT_CONVERSION = YES;
				CLANG_WARN_OBJC_ROOT_CLASS = YES_ERROR;
				CLANG_WARN_SUSPICIOUS_MOVES = YES;
				CLANG_WARN_UNREACHABLE_CODE = YES;
				CLANG_WARN__DUPLICATE_METHOD_MATCH = YES;
				"CODE_SIGN_IDENTITY[sdk=iphoneos*]" = "iPhone Developer";
				COPY_PHASE_STRIP = NO;
				DEBUG_INFORMATION_FORMAT = "dwarf-with-dsym";
				ENABLE_NS_ASSERTIONS = NO;
				ENABLE_STRICT_OBJC_MSGSEND = YES;
				GCC_C_LANGUAGE_STANDARD = gnu99;
				GCC_NO_COMMON_BLOCKS = YES;
				GCC_WARN_64_TO_32_BIT_CONVERSION = YES;
				GCC_WARN_ABOUT_RETURN_TYPE = YES_ERROR;
				GCC_WARN_UNDECLARED_SELECTOR = YES;
				GCC_WARN_UNINITIALIZED_AUTOS = YES_AGGRESSIVE;
				GCC_WARN_UNUSED_FUNCTION = YES;
				GCC_WARN_UNUSED_VARIABLE = YES;
				IPHONEOS_DEPLOYMENT_TARGET = 10.0;
				MTL_ENABLE_DEBUG_INFO = NO;
				SDKROOT = iphoneos;
				SWIFT_OPTIMIZATION_LEVEL = "-Owholemodule";
				VALIDATE_PRODUCT = YES;
			};
			name = Release;
		};
		65DA64641DB9F6D100C92BB7 /* Debug */ = {
			isa = XCBuildConfiguration;
			buildSettings = {
				ASSETCATALOG_COMPILER_APPICON_NAME = AppIcon;
				INFOPLIST_FILE = DreamLister/Info.plist;
				LD_RUNPATH_SEARCH_PATHS = "$(inherited) @executable_path/Frameworks";
				PRODUCT_BUNDLE_IDENTIFIER = huanhuan.DreamLister;
				PRODUCT_NAME = "$(TARGET_NAME)";
				SWIFT_VERSION = 3.0;
			};
			name = Debug;
		};
		65DA64651DB9F6D100C92BB7 /* Release */ = {
			isa = XCBuildConfiguration;
			buildSettings = {
				ASSETCATALOG_COMPILER_APPICON_NAME = AppIcon;
				INFOPLIST_FILE = DreamLister/Info.plist;
				LD_RUNPATH_SEARCH_PATHS = "$(inherited) @executable_path/Frameworks";
				PRODUCT_BUNDLE_IDENTIFIER = huanhuan.DreamLister;
				PRODUCT_NAME = "$(TARGET_NAME)";
				SWIFT_VERSION = 3.0;
			};
			name = Release;
		};
/* End XCBuildConfiguration section */

/* Begin XCConfigurationList section */
		65DA64491DB9F6D100C92BB7 /* Build configuration list for PBXProject "DreamLister" */ = {
			isa = XCConfigurationList;
			buildConfigurations = (
				65DA64611DB9F6D100C92BB7 /* Debug */,
				65DA64621DB9F6D100C92BB7 /* Release */,
			);
			defaultConfigurationIsVisible = 0;
			defaultConfigurationName = Release;
		};
		65DA64631DB9F6D100C92BB7 /* Build configuration list for PBXNativeTarget "DreamLister" */ = {
			isa = XCConfigurationList;
			buildConfigurations = (
				65DA64641DB9F6D100C92BB7 /* Debug */,
				65DA64651DB9F6D100C92BB7 /* Release */,
			);
			defaultConfigurationIsVisible = 0;
			defaultConfigurationName = Release;
		};
/* End XCConfigurationList section */

/* Begin XCVersionGroup section */
		65DA64581DB9F6D100C92BB7 /* DreamLister.xcdatamodeld */ = {
			isa = XCVersionGroup;
			children = (
				65DA64591DB9F6D100C92BB7 /* DreamLister.xcdatamodel */,
			);
			currentVersion = 65DA64591DB9F6D100C92BB7 /* DreamLister.xcdatamodel */;
			path = DreamLister.xcdatamodeld;
			sourceTree = "<group>";
			versionGroupType = wrapper.xcdatamodel;
		};
/* End XCVersionGroup section */
	};
	rootObject = 65DA64461DB9F6D100C92BB7 /* Project object */;
}
